
Microsoft Visual Studio Solution File, Format Version 12.00
# Visual Studio 15
Project("{FAE04EC0-301F-11D3-BF4B-00C04F79EFBC}") = "AskingForInput", "AskingForInput.csproj", "{403729C4-1B07-4AED-9A26-9805C8B6FDE3}"
EndProject
Global
	GlobalSection(SolutionConfigurationPlatforms) = preSolution
		Debug|Any CPU = Debug|Any CPU
		Release|Any CPU = Release|Any CPU
	EndGlobalSection
	GlobalSection(ProjectConfigurationPlatforms) = postSolution
		{403729C4-1B07-4AED-9A26-9805C8B6FDE3}.Debug|Any CPU.ActiveCfg = Debug|Any CPU
		{403729C4-1B07-4AED-9A26-9805C8B6FDE3}.Debug|Any CPU.Build.0 = Debug|Any CPU
		{403729C4-1B07-4AED-9A26-9805C8B6FDE3}.Release|Any CPU.ActiveCfg = Release|Any CPU
		{403729C4-1B07-4AED-9A26-9805C8B6FDE3}.Release|Any CPU.Build.0 = Release|Any CPU
	EndGlobalSection
EndGlobal
